// !$*UTF8*$!
{
	archiveVersion = 1;
	classes = {
	};
	objectVersion = 46;
	objects = {

/* Begin PBXBuildFile section */
		0CB06325D9754E94482FF47D /* Pods_AddressSelectionUITests.framework in Frameworks */ = {isa = PBXBuildFile; fileRef = FDA17E1914E638804473F682 /* Pods_AddressSelectionUITests.framework */; };
		6C45151B1ED6873F003F6465 /* AddressTableView.swift in Sources */ = {isa = PBXBuildFile; fileRef = 6C45151A1ED6873F003F6465 /* AddressTableView.swift */; };
		6C45151D1ED68E36003F6465 /* LoanAddressView.swift in Sources */ = {isa = PBXBuildFile; fileRef = 6C45151C1ED68E36003F6465 /* LoanAddressView.swift */; };
		6CAB20F01ECBF5C000CD6337 /* AppDelegate.swift in Sources */ = {isa = PBXBuildFile; fileRef = 6CAB20EF1ECBF5C000CD6337 /* AppDelegate.swift */; };
		6CAB20F21ECBF5C000CD6337 /* ViewController.swift in Sources */ = {isa = PBXBuildFile; fileRef = 6CAB20F11ECBF5C000CD6337 /* ViewController.swift */; };
		6CAB20F51ECBF5C000CD6337 /* Main.storyboard in Resources */ = {isa = PBXBuildFile; fileRef = 6CAB20F31ECBF5C000CD6337 /* Main.storyboard */; };
		6CAB20F71ECBF5C000CD6337 /* Assets.xcassets in Resources */ = {isa = PBXBuildFile; fileRef = 6CAB20F61ECBF5C000CD6337 /* Assets.xcassets */; };
		6CAB20FA1ECBF5C000CD6337 /* LaunchScreen.storyboard in Resources */ = {isa = PBXBuildFile; fileRef = 6CAB20F81ECBF5C000CD6337 /* LaunchScreen.storyboard */; };
		6CAB21051ECBF5C000CD6337 /* AddressSelectionTests.swift in Sources */ = {isa = PBXBuildFile; fileRef = 6CAB21041ECBF5C000CD6337 /* AddressSelectionTests.swift */; };
		6CAB21101ECBF5C000CD6337 /* AddressSelectionUITests.swift in Sources */ = {isa = PBXBuildFile; fileRef = 6CAB210F1ECBF5C000CD6337 /* AddressSelectionUITests.swift */; };
		6CE4EAF61ECBF6E0009C6580 /* area.plist in Resources */ = {isa = PBXBuildFile; fileRef = 6CE4EAF51ECBF6E0009C6580 /* area.plist */; };
		6CE4EAF91ECBF8A0009C6580 /* ChooseAddressView.swift in Sources */ = {isa = PBXBuildFile; fileRef = 6CE4EAF81ECBF8A0009C6580 /* ChooseAddressView.swift */; };
		6CE4EAFB1ECBF99F009C6580 /* ChooseAddressView.xib in Resources */ = {isa = PBXBuildFile; fileRef = 6CE4EAFA1ECBF99F009C6580 /* ChooseAddressView.xib */; };
		6CE4EB001ECC3EB6009C6580 /* Province.swift in Sources */ = {isa = PBXBuildFile; fileRef = 6CE4EAFF1ECC3EB6009C6580 /* Province.swift */; };
		6CE4EB021ECC5836009C6580 /* NSString+Extension.swift in Sources */ = {isa = PBXBuildFile; fileRef = 6CE4EB011ECC5836009C6580 /* NSString+Extension.swift */; };
		7A19EAD4E4CB9642AADD3EFE /* Pods_AddressSelection.framework in Frameworks */ = {isa = PBXBuildFile; fileRef = 72F7333E2C243D11BA5E072A /* Pods_AddressSelection.framework */; };
		7B8E55CE2325D8569A1B62D2 /* Pods_AddressSelectionTests.framework in Frameworks */ = {isa = PBXBuildFile; fileRef = 0555CDE66CF50E5DBCFF8C41 /* Pods_AddressSelectionTests.framework */; };
/* End PBXBuildFile section */

/* Begin PBXContainerItemProxy section */
		6CAB21011ECBF5C000CD6337 /* PBXContainerItemProxy */ = {
			isa = PBXContainerItemProxy;
			containerPortal = 6CAB20E41ECBF5C000CD6337 /* Project object */;
			proxyType = 1;
			remoteGlobalIDString = 6CAB20EB1ECBF5C000CD6337;
			remoteInfo = AddressSelection;
		};
		6CAB210C1ECBF5C000CD6337 /* PBXContainerItemProxy */ = {
			isa = PBXContainerItemProxy;
			containerPortal = 6CAB20E41ECBF5C000CD6337 /* Project object */;
			proxyType = 1;
			remoteGlobalIDString = 6CAB20EB1ECBF5C000CD6337;
			remoteInfo = AddressSelection;
		};
/* End PBXContainerItemProxy section */

/* Begin PBXFileReference section */
		0555CDE66CF50E5DBCFF8C41 /* Pods_AddressSelectionTests.framework */ = {isa = PBXFileReference; explicitFileType = wrapper.framework; includeInIndex = 0; path = Pods_AddressSelectionTests.framework; sourceTree = BUILT_PRODUCTS_DIR; };
		342665B03742D7F39354B8FF /* Pods-AddressSelection.debug.xcconfig */ = {isa = PBXFileReference; includeInIndex = 1; lastKnownFileType = text.xcconfig; name = "Pods-AddressSelection.debug.xcconfig"; path = "Pods/Target Support Files/Pods-AddressSelection/Pods-AddressSelection.debug.xcconfig"; sourceTree = "<group>"; };
		4A2928FE9FD95AFDBABA07E2 /* Pods-AddressSelection.release.xcconfig */ = {isa = PBXFileReference; includeInIndex = 1; lastKnownFileType = text.xcconfig; name = "Pods-AddressSelection.release.xcconfig"; path = "Pods/Target Support Files/Pods-AddressSelection/Pods-AddressSelection.release.xcconfig"; sourceTree = "<group>"; };
		6C45151A1ED6873F003F6465 /* AddressTableView.swift */ = {isa = PBXFileReference; fileEncoding = 4; lastKnownFileType = sourcecode.swift; path = AddressTableView.swift; sourceTree = "<group>"; };
		6C45151C1ED68E36003F6465 /* LoanAddressView.swift */ = {isa = PBXFileReference; fileEncoding = 4; lastKnownFileType = sourcecode.swift; path = LoanAddressView.swift; sourceTree = "<group>"; };
		6CAB20EC1ECBF5C000CD6337 /* AddressSelection.app */ = {isa = PBXFileReference; explicitFileType = wrapper.application; includeInIndex = 0; path = AddressSelection.app; sourceTree = BUILT_PRODUCTS_DIR; };
		6CAB20EF1ECBF5C000CD6337 /* AppDelegate.swift */ = {isa = PBXFileReference; lastKnownFileType = sourcecode.swift; path = AppDelegate.swift; sourceTree = "<group>"; };
		6CAB20F11ECBF5C000CD6337 /* ViewController.swift */ = {isa = PBXFileReference; lastKnownFileType = sourcecode.swift; path = ViewController.swift; sourceTree = "<group>"; };
		6CAB20F41ECBF5C000CD6337 /* Base */ = {isa = PBXFileReference; lastKnownFileType = file.storyboard; name = Base; path = Base.lproj/Main.storyboard; sourceTree = "<group>"; };
		6CAB20F61ECBF5C000CD6337 /* Assets.xcassets */ = {isa = PBXFileReference; lastKnownFileType = folder.assetcatalog; path = Assets.xcassets; sourceTree = "<group>"; };
		6CAB20F91ECBF5C000CD6337 /* Base */ = {isa = PBXFileReference; lastKnownFileType = file.storyboard; name = Base; path = Base.lproj/LaunchScreen.storyboard; sourceTree = "<group>"; };
		6CAB20FB1ECBF5C000CD6337 /* Info.plist */ = {isa = PBXFileReference; lastKnownFileType = text.plist.xml; path = Info.plist; sourceTree = "<group>"; };
		6CAB21001ECBF5C000CD6337 /* AddressSelectionTests.xctest */ = {isa = PBXFileReference; explicitFileType = wrapper.cfbundle; includeInIndex = 0; path = AddressSelectionTests.xctest; sourceTree = BUILT_PRODUCTS_DIR; };
		6CAB21041ECBF5C000CD6337 /* AddressSelectionTests.swift */ = {isa = PBXFileReference; lastKnownFileType = sourcecode.swift; path = AddressSelectionTests.swift; sourceTree = "<group>"; };
		6CAB21061ECBF5C000CD6337 /* Info.plist */ = {isa = PBXFileReference; lastKnownFileType = text.plist.xml; path = Info.plist; sourceTree = "<group>"; };
		6CAB210B1ECBF5C000CD6337 /* AddressSelectionUITests.xctest */ = {isa = PBXFileReference; explicitFileType = wrapper.cfbundle; includeInIndex = 0; path = AddressSelectionUITests.xctest; sourceTree = BUILT_PRODUCTS_DIR; };
		6CAB210F1ECBF5C000CD6337 /* AddressSelectionUITests.swift */ = {isa = PBXFileReference; lastKnownFileType = sourcecode.swift; path = AddressSelectionUITests.swift; sourceTree = "<group>"; };
		6CAB21111ECBF5C000CD6337 /* Info.plist */ = {isa = PBXFileReference; lastKnownFileType = text.plist.xml; path = Info.plist; sourceTree = "<group>"; };
		6CE4EAF51ECBF6E0009C6580 /* area.plist */ = {isa = PBXFileReference; fileEncoding = 4; lastKnownFileType = text.plist.xml; path = area.plist; sourceTree = "<group>"; };
		6CE4EAF81ECBF8A0009C6580 /* ChooseAddressView.swift */ = {isa = PBXFileReference; fileEncoding = 4; lastKnownFileType = sourcecode.swift; path = ChooseAddressView.swift; sourceTree = "<group>"; };
		6CE4EAFA1ECBF99F009C6580 /* ChooseAddressView.xib */ = {isa = PBXFileReference; fileEncoding = 4; lastKnownFileType = file.xib; path = ChooseAddressView.xib; sourceTree = "<group>"; };
		6CE4EAFF1ECC3EB6009C6580 /* Province.swift */ = {isa = PBXFileReference; fileEncoding = 4; lastKnownFileType = sourcecode.swift; path = Province.swift; sourceTree = "<group>"; };
		6CE4EB011ECC5836009C6580 /* NSString+Extension.swift */ = {isa = PBXFileReference; fileEncoding = 4; lastKnownFileType = sourcecode.swift; path = "NSString+Extension.swift"; sourceTree = "<group>"; };
		72F7333E2C243D11BA5E072A /* Pods_AddressSelection.framework */ = {isa = PBXFileReference; explicitFileType = wrapper.framework; includeInIndex = 0; path = Pods_AddressSelection.framework; sourceTree = BUILT_PRODUCTS_DIR; };
		88C880A79F16C0554FEC2DC5 /* Pods-AddressSelectionTests.debug.xcconfig */ = {isa = PBXFileReference; includeInIndex = 1; lastKnownFileType = text.xcconfig; name = "Pods-AddressSelectionTests.debug.xcconfig"; path = "Pods/Target Support Files/Pods-AddressSelectionTests/Pods-AddressSelectionTests.debug.xcconfig"; sourceTree = "<group>"; };
		8AC271AED864CBB124B00DD2 /* Pods-AddressSelectionUITests.debug.xcconfig */ = {isa = PBXFileReference; includeInIndex = 1; lastKnownFileType = text.xcconfig; name = "Pods-AddressSelectionUITests.debug.xcconfig"; path = "Pods/Target Support Files/Pods-AddressSelectionUITests/Pods-AddressSelectionUITests.debug.xcconfig"; sourceTree = "<group>"; };
		9A6BAA40AA241896F7CB0C70 /* Pods-AddressSelectionTests.release.xcconfig */ = {isa = PBXFileReference; includeInIndex = 1; lastKnownFileType = text.xcconfig; name = "Pods-AddressSelectionTests.release.xcconfig"; path = "Pods/Target Support Files/Pods-AddressSelectionTests/Pods-AddressSelectionTests.release.xcconfig"; sourceTree = "<group>"; };
		D68A3BAADE9DDEAE306C7327 /* Pods-AddressSelectionUITests.release.xcconfig */ = {isa = PBXFileReference; includeInIndex = 1; lastKnownFileType = text.xcconfig; name = "Pods-AddressSelectionUITests.release.xcconfig"; path = "Pods/Target Support Files/Pods-AddressSelectionUITests/Pods-AddressSelectionUITests.release.xcconfig"; sourceTree = "<group>"; };
		FDA17E1914E638804473F682 /* Pods_AddressSelectionUITests.framework */ = {isa = PBXFileReference; explicitFileType = wrapper.framework; includeInIndex = 0; path = Pods_AddressSelectionUITests.framework; sourceTree = BUILT_PRODUCTS_DIR; };
/* End PBXFileReference section */

/* Begin PBXFrameworksBuildPhase section */
		6CAB20E91ECBF5C000CD6337 /* Frameworks */ = {
			isa = PBXFrameworksBuildPhase;
			buildActionMask = 2147483647;
			files = (
				7A19EAD4E4CB9642AADD3EFE /* Pods_AddressSelection.framework in Frameworks */,
			);
			runOnlyForDeploymentPostprocessing = 0;
		};
		6CAB20FD1ECBF5C000CD6337 /* Frameworks */ = {
			isa = PBXFrameworksBuildPhase;
			buildActionMask = 2147483647;
			files = (
				7B8E55CE2325D8569A1B62D2 /* Pods_AddressSelectionTests.framework in Frameworks */,
			);
			runOnlyForDeploymentPostprocessing = 0;
		};
		6CAB21081ECBF5C000CD6337 /* Frameworks */ = {
			isa = PBXFrameworksBuildPhase;
			buildActionMask = 2147483647;
			files = (
				0CB06325D9754E94482FF47D /* Pods_AddressSelectionUITests.framework in Frameworks */,
			);
			runOnlyForDeploymentPostprocessing = 0;
		};
/* End PBXFrameworksBuildPhase section */

/* Begin PBXGroup section */
		6C4515171ED68684003F6465 /* AddressView */ = {
			isa = PBXGroup;
			children = (
				6C45151A1ED6873F003F6465 /* AddressTableView.swift */,
				6C45151C1ED68E36003F6465 /* LoanAddressView.swift */,
			);
			path = AddressView;
			sourceTree = "<group>";
		};
		6CAB20E31ECBF5C000CD6337 = {
			isa = PBXGroup;
			children = (
				6CAB20EE1ECBF5C000CD6337 /* AddressSelection */,
				6CAB21031ECBF5C000CD6337 /* AddressSelectionTests */,
				6CAB210E1ECBF5C000CD6337 /* AddressSelectionUITests */,
				6CAB20ED1ECBF5C000CD6337 /* Products */,
				C181C4FFF71CF3E4CB2C31C5 /* Pods */,
				CB520DF33463C8DEF893E320 /* Frameworks */,
			);
			sourceTree = "<group>";
		};
		6CAB20ED1ECBF5C000CD6337 /* Products */ = {
			isa = PBXGroup;
			children = (
				6CAB20EC1ECBF5C000CD6337 /* AddressSelection.app */,
				6CAB21001ECBF5C000CD6337 /* AddressSelectionTests.xctest */,
				6CAB210B1ECBF5C000CD6337 /* AddressSelectionUITests.xctest */,
			);
			name = Products;
			sourceTree = "<group>";
		};
		6CAB20EE1ECBF5C000CD6337 /* AddressSelection */ = {
			isa = PBXGroup;
			children = (
				6C4515171ED68684003F6465 /* AddressView */,
				6CE4EAF71ECBF87C009C6580 /* ChooseLocationView */,
				6CE4EAF51ECBF6E0009C6580 /* area.plist */,
				6CAB20EF1ECBF5C000CD6337 /* AppDelegate.swift */,
				6CAB20F11ECBF5C000CD6337 /* ViewController.swift */,
				6CAB20F31ECBF5C000CD6337 /* Main.storyboard */,
				6CAB20F61ECBF5C000CD6337 /* Assets.xcassets */,
				6CAB20F81ECBF5C000CD6337 /* LaunchScreen.storyboard */,
				6CAB20FB1ECBF5C000CD6337 /* Info.plist */,
			);
			path = AddressSelection;
			sourceTree = "<group>";
		};
		6CAB21031ECBF5C000CD6337 /* AddressSelectionTests */ = {
			isa = PBXGroup;
			children = (
				6CAB21041ECBF5C000CD6337 /* AddressSelectionTests.swift */,
				6CAB21061ECBF5C000CD6337 /* Info.plist */,
			);
			path = AddressSelectionTests;
			sourceTree = "<group>";
		};
		6CAB210E1ECBF5C000CD6337 /* AddressSelectionUITests */ = {
			isa = PBXGroup;
			children = (
				6CAB210F1ECBF5C000CD6337 /* AddressSelectionUITests.swift */,
				6CAB21111ECBF5C000CD6337 /* Info.plist */,
			);
			path = AddressSelectionUITests;
			sourceTree = "<group>";
		};
		6CE4EAF71ECBF87C009C6580 /* ChooseLocationView */ = {
			isa = PBXGroup;
			children = (
				6CE4EAFE1ECC3E99009C6580 /* Model */,
				6CE4EAF81ECBF8A0009C6580 /* ChooseAddressView.swift */,
				6CE4EAFA1ECBF99F009C6580 /* ChooseAddressView.xib */,
			);
			path = ChooseLocationView;
			sourceTree = "<group>";
		};
		6CE4EAFE1ECC3E99009C6580 /* Model */ = {
			isa = PBXGroup;
			children = (
				6CE4EAFF1ECC3EB6009C6580 /* Province.swift */,
				6CE4EB011ECC5836009C6580 /* NSString+Extension.swift */,
			);
			path = Model;
			sourceTree = "<group>";
		};
		C181C4FFF71CF3E4CB2C31C5 /* Pods */ = {
			isa = PBXGroup;
			children = (
				342665B03742D7F39354B8FF /* Pods-AddressSelection.debug.xcconfig */,
				4A2928FE9FD95AFDBABA07E2 /* Pods-AddressSelection.release.xcconfig */,
				88C880A79F16C0554FEC2DC5 /* Pods-AddressSelectionTests.debug.xcconfig */,
				9A6BAA40AA241896F7CB0C70 /* Pods-AddressSelectionTests.release.xcconfig */,
				8AC271AED864CBB124B00DD2 /* Pods-AddressSelectionUITests.debug.xcconfig */,
				D68A3BAADE9DDEAE306C7327 /* Pods-AddressSelectionUITests.release.xcconfig */,
			);
			name = Pods;
			sourceTree = "<group>";
		};
		CB520DF33463C8DEF893E320 /* Frameworks */ = {
			isa = PBXGroup;
			children = (
				72F7333E2C243D11BA5E072A /* Pods_AddressSelection.framework */,
				0555CDE66CF50E5DBCFF8C41 /* Pods_AddressSelectionTests.framework */,
				FDA17E1914E638804473F682 /* Pods_AddressSelectionUITests.framework */,
			);
			name = Frameworks;
			sourceTree = "<group>";
		};
/* End PBXGroup section */

/* Begin PBXNativeTarget section */
		6CAB20EB1ECBF5C000CD6337 /* AddressSelection */ = {
			isa = PBXNativeTarget;
			buildConfigurationList = 6CAB21141ECBF5C000CD6337 /* Build configuration list for PBXNativeTarget "AddressSelection" */;
			buildPhases = (
				8B43DE3FD27353DF6D994A2C /* [CP] Check Pods Manifest.lock */,
				6CAB20E81ECBF5C000CD6337 /* Sources */,
				6CAB20E91ECBF5C000CD6337 /* Frameworks */,
				6CAB20EA1ECBF5C000CD6337 /* Resources */,
				A5DC0612221B91EDEE08FB6C /* [CP] Embed Pods Frameworks */,
				8482B61A64414B8D38E985C8 /* [CP] Copy Pods Resources */,
			);
			buildRules = (
			);
			dependencies = (
			);
			name = AddressSelection;
			productName = AddressSelection;
			productReference = 6CAB20EC1ECBF5C000CD6337 /* AddressSelection.app */;
			productType = "com.apple.product-type.application";
		};
		6CAB20FF1ECBF5C000CD6337 /* AddressSelectionTests */ = {
			isa = PBXNativeTarget;
			buildConfigurationList = 6CAB21171ECBF5C000CD6337 /* Build configuration list for PBXNativeTarget "AddressSelectionTests" */;
			buildPhases = (
				018ABDEBA7975EEA54A8C39C /* [CP] Check Pods Manifest.lock */,
				6CAB20FC1ECBF5C000CD6337 /* Sources */,
				6CAB20FD1ECBF5C000CD6337 /* Frameworks */,
				6CAB20FE1ECBF5C000CD6337 /* Resources */,
				83FCBDEAE2DDBFF26C208B03 /* [CP] Embed Pods Frameworks */,
				D117F228D755C8157F52E3E1 /* [CP] Copy Pods Resources */,
			);
			buildRules = (
			);
			dependencies = (
				6CAB21021ECBF5C000CD6337 /* PBXTargetDependency */,
			);
			name = AddressSelectionTests;
			productName = AddressSelectionTests;
			productReference = 6CAB21001ECBF5C000CD6337 /* AddressSelectionTests.xctest */;
			productType = "com.apple.product-type.bundle.unit-test";
		};
		6CAB210A1ECBF5C000CD6337 /* AddressSelectionUITests */ = {
			isa = PBXNativeTarget;
			buildConfigurationList = 6CAB211A1ECBF5C000CD6337 /* Build configuration list for PBXNativeTarget "AddressSelectionUITests" */;
			buildPhases = (
				88CD657067B404CC2F5D2CBF /* [CP] Check Pods Manifest.lock */,
				6CAB21071ECBF5C000CD6337 /* Sources */,
				6CAB21081ECBF5C000CD6337 /* Frameworks */,
				6CAB21091ECBF5C000CD6337 /* Resources */,
				C287387FB2686575E68F0D6F /* [CP] Embed Pods Frameworks */,
				F76764F8E8FC2D028598728C /* [CP] Copy Pods Resources */,
			);
			buildRules = (
			);
			dependencies = (
				6CAB210D1ECBF5C000CD6337 /* PBXTargetDependency */,
			);
			name = AddressSelectionUITests;
			productName = AddressSelectionUITests;
			productReference = 6CAB210B1ECBF5C000CD6337 /* AddressSelectionUITests.xctest */;
			productType = "com.apple.product-type.bundle.ui-testing";
		};
/* End PBXNativeTarget section */

/* Begin PBXProject section */
		6CAB20E41ECBF5C000CD6337 /* Project object */ = {
			isa = PBXProject;
			attributes = {
				LastSwiftUpdateCheck = 0730;
				LastUpgradeCheck = 0730;
				ORGANIZATIONNAME = com.lvesli;
				TargetAttributes = {
					6CAB20EB1ECBF5C000CD6337 = {
						CreatedOnToolsVersion = 7.3.1;
						ProvisioningStyle = Manual;
					};
					6CAB20FF1ECBF5C000CD6337 = {
						CreatedOnToolsVersion = 7.3.1;
						TestTargetID = 6CAB20EB1ECBF5C000CD6337;
					};
					6CAB210A1ECBF5C000CD6337 = {
						CreatedOnToolsVersion = 7.3.1;
						TestTargetID = 6CAB20EB1ECBF5C000CD6337;
					};
				};
			};
			buildConfigurationList = 6CAB20E71ECBF5C000CD6337 /* Build configuration list for PBXProject "AddressSelection" */;
			compatibilityVersion = "Xcode 3.2";
			developmentRegion = English;
			hasScannedForEncodings = 0;
			knownRegions = (
				en,
				Base,
			);
			mainGroup = 6CAB20E31ECBF5C000CD6337;
			productRefGroup = 6CAB20ED1ECBF5C000CD6337 /* Products */;
			projectDirPath = "";
			projectRoot = "";
			targets = (
				6CAB20EB1ECBF5C000CD6337 /* AddressSelection */,
				6CAB20FF1ECBF5C000CD6337 /* AddressSelectionTests */,
				6CAB210A1ECBF5C000CD6337 /* AddressSelectionUITests */,
			);
		};
/* End PBXProject section */

/* Begin PBXResourcesBuildPhase section */
		6CAB20EA1ECBF5C000CD6337 /* Resources */ = {
			isa = PBXResourcesBuildPhase;
			buildActionMask = 2147483647;
			files = (
				6CAB20FA1ECBF5C000CD6337 /* LaunchScreen.storyboard in Resources */,
				6CE4EAF61ECBF6E0009C6580 /* area.plist in Resources */,
				6CE4EAFB1ECBF99F009C6580 /* ChooseAddressView.xib in Resources */,
				6CAB20F71ECBF5C000CD6337 /* Assets.xcassets in Resources */,
				6CAB20F51ECBF5C000CD6337 /* Main.storyboard in Resources */,
			);
			runOnlyForDeploymentPostprocessing = 0;
		};
		6CAB20FE1ECBF5C000CD6337 /* Resources */ = {
			isa = PBXResourcesBuildPhase;
			buildActionMask = 2147483647;
			files = (
			);
			runOnlyForDeploymentPostprocessing = 0;
		};
		6CAB21091ECBF5C000CD6337 /* Resources */ = {
			isa = PBXResourcesBuildPhase;
			buildActionMask = 2147483647;
			files = (
			);
			runOnlyForDeploymentPostprocessing = 0;
		};
/* End PBXResourcesBuildPhase section */

/* Begin PBXShellScriptBuildPhase section */
		018ABDEBA7975EEA54A8C39C /* [CP] Check Pods Manifest.lock */ = {
			isa = PBXShellScriptBuildPhase;
			buildActionMask = 2147483647;
			files = (
			);
			inputPaths = (
			);
			name = "[CP] Check Pods Manifest.lock";
			outputPaths = (
			);
			runOnlyForDeploymentPostprocessing = 0;
			shellPath = /bin/sh;
			shellScript = "diff \"${PODS_ROOT}/../Podfile.lock\" \"${PODS_ROOT}/Manifest.lock\" > /dev/null\nif [ $? != 0 ] ; then\n    # print error to STDERR\n    echo \"error: The sandbox is not in sync with the Podfile.lock. Run 'pod install' or update your CocoaPods installation.\" >&2\n    exit 1\nfi\n";
			showEnvVarsInLog = 0;
		};
		83FCBDEAE2DDBFF26C208B03 /* [CP] Embed Pods Frameworks */ = {
			isa = PBXShellScriptBuildPhase;
			buildActionMask = 2147483647;
			files = (
			);
			inputPaths = (
			);
			name = "[CP] Embed Pods Frameworks";
			outputPaths = (
			);
			runOnlyForDeploymentPostprocessing = 0;
			shellPath = /bin/sh;
			shellScript = "\"${SRCROOT}/Pods/Target Support Files/Pods-AddressSelectionTests/Pods-AddressSelectionTests-frameworks.sh\"\n";
			showEnvVarsInLog = 0;
		};
		8482B61A64414B8D38E985C8 /* [CP] Copy Pods Resources */ = {
			isa = PBXShellScriptBuildPhase;
			buildActionMask = 2147483647;
			files = (
			);
			inputPaths = (
			);
			name = "[CP] Copy Pods Resources";
			outputPaths = (
			);
			runOnlyForDeploymentPostprocessing = 0;
			shellPath = /bin/sh;
			shellScript = "\"${SRCROOT}/Pods/Target Support Files/Pods-AddressSelection/Pods-AddressSelection-resources.sh\"\n";
			showEnvVarsInLog = 0;
		};
		88CD657067B404CC2F5D2CBF /* [CP] Check Pods Manifest.lock */ = {
			isa = PBXShellScriptBuildPhase;
			buildActionMask = 2147483647;
			files = (
			);
			inputPaths = (
			);
			name = "[CP] Check Pods Manifest.lock";
			outputPaths = (
			);
			runOnlyForDeploymentPostprocessing = 0;
			shellPath = /bin/sh;
			shellScript = "diff \"${PODS_ROOT}/../Podfile.lock\" \"${PODS_ROOT}/Manifest.lock\" > /dev/null\nif [ $? != 0 ] ; then\n    # print error to STDERR\n    echo \"error: The sandbox is not in sync with the Podfile.lock. Run 'pod install' or update your CocoaPods installation.\" >&2\n    exit 1\nfi\n";
			showEnvVarsInLog = 0;
		};
		8B43DE3FD27353DF6D994A2C /* [CP] Check Pods Manifest.lock */ = {
			isa = PBXShellScriptBuildPhase;
			buildActionMask = 2147483647;
			files = (
			);
			inputPaths = (
			);
			name = "[CP] Check Pods Manifest.lock";
			outputPaths = (
			);
			runOnlyForDeploymentPostprocessing = 0;
			shellPath = /bin/sh;
			shellScript = "diff \"${PODS_ROOT}/../Podfile.lock\" \"${PODS_ROOT}/Manifest.lock\" > /dev/null\nif [ $? != 0 ] ; then\n    # print error to STDERR\n    echo \"error: The sandbox is not in sync with the Podfile.lock. Run 'pod install' or update your CocoaPods installation.\" >&2\n    exit 1\nfi\n";
			showEnvVarsInLog = 0;
		};
		A5DC0612221B91EDEE08FB6C /* [CP] Embed Pods Frameworks */ = {
			isa = PBXShellScriptBuildPhase;
			buildActionMask = 2147483647;
			files = (
			);
			inputPaths = (
			);
			name = "[CP] Embed Pods Frameworks";
			outputPaths = (
			);
			runOnlyForDeploymentPostprocessing = 0;
			shellPath = /bin/sh;
			shellScript = "\"${SRCROOT}/Pods/Target Support Files/Pods-AddressSelection/Pods-AddressSelection-frameworks.sh\"\n";
			showEnvVarsInLog = 0;
		};
		C287387FB2686575E68F0D6F /* [CP] Embed Pods Frameworks */ = {
			isa = PBXShellScriptBuildPhase;
			buildActionMask = 2147483647;
			files = (
			);
			inputPaths = (
			);
			name = "[CP] Embed Pods Frameworks";
			outputPaths = (
			);
			runOnlyForDeploymentPostprocessing = 0;
			shellPath = /bin/sh;
			shellScript = "\"${SRCROOT}/Pods/Target Support Files/Pods-AddressSelectionUITests/Pods-AddressSelectionUITests-frameworks.sh\"\n";
			showEnvVarsInLog = 0;
		};
		D117F228D755C8157F52E3E1 /* [CP] Copy Pods Resources */ = {
			isa = PBXShellScriptBuildPhase;
			buildActionMask = 2147483647;
			files = (
			);
			inputPaths = (
			);
			name = "[CP] Copy Pods Resources";
			outputPaths = (
			);
			runOnlyForDeploymentPostprocessing = 0;
			shellPath = /bin/sh;
			shellScript = "\"${SRCROOT}/Pods/Target Support Files/Pods-AddressSelectionTests/Pods-AddressSelectionTests-resources.sh\"\n";
			showEnvVarsInLog = 0;
		};
		F76764F8E8FC2D028598728C /* [CP] Copy Pods Resources */ = {
			isa = PBXShellScriptBuildPhase;
			buildActionMask = 2147483647;
			files = (
			);
			inputPaths = (
			);
			name = "[CP] Copy Pods Resources";
			outputPaths = (
			);
			runOnlyForDeploymentPostprocessing = 0;
			shellPath = /bin/sh;
			shellScript = "\"${SRCROOT}/Pods/Target Support Files/Pods-AddressSelectionUITests/Pods-AddressSelectionUITests-resources.sh\"\n";
			showEnvVarsInLog = 0;
		};
/* End PBXShellScriptBuildPhase section */

/* Begin PBXSourcesBuildPhase section */
		6CAB20E81ECBF5C000CD6337 /* Sources */ = {
			isa = PBXSourcesBuildPhase;
			buildActionMask = 2147483647;
			files = (
				6CAB20F21ECBF5C000CD6337 /* ViewController.swift in Sources */,
				6C45151D1ED68E36003F6465 /* LoanAddressView.swift in Sources */,
				6CE4EB021ECC5836009C6580 /* NSString+Extension.swift in Sources */,
				6C45151B1ED6873F003F6465 /* AddressTableView.swift in Sources */,
				6CAB20F01ECBF5C000CD6337 /* AppDelegate.swift in Sources */,
				6CE4EAF91ECBF8A0009C6580 /* ChooseAddressView.swift in Sources */,
				6CE4EB001ECC3EB6009C6580 /* Province.swift in Sources */,
			);
			runOnlyForDeploymentPostprocessing = 0;
		};
		6CAB20FC1ECBF5C000CD6337 /* Sources */ = {
			isa = PBXSourcesBuildPhase;
			buildActionMask = 2147483647;
			files = (
				6CAB21051ECBF5C000CD6337 /* AddressSelectionTests.swift in Sources */,
			);
			runOnlyForDeploymentPostprocessing = 0;
		};
		6CAB21071ECBF5C000CD6337 /* Sources */ = {
			isa = PBXSourcesBuildPhase;
			buildActionMask = 2147483647;
			files = (
				6CAB21101ECBF5C000CD6337 /* AddressSelectionUITests.swift in Sources */,
			);
			runOnlyForDeploymentPostprocessing = 0;
		};
/* End PBXSourcesBuildPhase section */

/* Begin PBXTargetDependency section */
		6CAB21021ECBF5C000CD6337 /* PBXTargetDependency */ = {
			isa = PBXTargetDependency;
			target = 6CAB20EB1ECBF5C000CD6337 /* AddressSelection */;
			targetProxy = 6CAB21011ECBF5C000CD6337 /* PBXContainerItemProxy */;
		};
		6CAB210D1ECBF5C000CD6337 /* PBXTargetDependency */ = {
			isa = PBXTargetDependency;
			target = 6CAB20EB1ECBF5C000CD6337 /* AddressSelection */;
			targetProxy = 6CAB210C1ECBF5C000CD6337 /* PBXContainerItemProxy */;
		};
/* End PBXTargetDependency section */

/* Begin PBXVariantGroup section */
		6CAB20F31ECBF5C000CD6337 /* Main.storyboard */ = {
			isa = PBXVariantGroup;
			children = (
				6CAB20F41ECBF5C000CD6337 /* Base */,
			);
			name = Main.storyboard;
			sourceTree = "<group>";
		};
		6CAB20F81ECBF5C000CD6337 /* LaunchScreen.storyboard */ = {
			isa = PBXVariantGroup;
			children = (
				6CAB20F91ECBF5C000CD6337 /* Base */,
			);
			name = LaunchScreen.storyboard;
			sourceTree = "<group>";
		};
/* End PBXVariantGroup section */

/* Begin XCBuildConfiguration section */
		6CAB21121ECBF5C000CD6337 /* Debug */ = {
			isa = XCBuildConfiguration;
			buildSettings = {
				ALWAYS_SEARCH_USER_PATHS = NO;
				CLANG_ANALYZER_NONNULL = YES;
				CLANG_CXX_LANGUAGE_STANDARD = "gnu++0x";
				CLANG_CXX_LIBRARY = "libc++";
				CLANG_ENABLE_MODULES = YES;
				CLANG_ENABLE_OBJC_ARC = YES;
				CLANG_WARN_BOOL_CONVERSION = YES;
				CLANG_WARN_CONSTANT_CONVERSION = YES;
				CLANG_WARN_DIRECT_OBJC_ISA_USAGE = YES_ERROR;
				CLANG_WARN_EMPTY_BODY = YES;
				CLANG_WARN_ENUM_CONVERSION = YES;
				CLANG_WARN_INT_CONVERSION = YES;
				CLANG_WARN_OBJC_ROOT_CLASS = YES_ERROR;
				CLANG_WARN_UNREACHABLE_CODE = YES;
				CLANG_WARN__DUPLICATE_METHOD_MATCH = YES;
				"CODE_SIGN_IDENTITY[sdk=iphoneos*]" = "iPhone Developer";
				COPY_PHASE_STRIP = NO;
				DEBUG_INFORMATION_FORMAT = dwarf;
				ENABLE_STRICT_OBJC_MSGSEND = YES;
				ENABLE_TESTABILITY = YES;
				GCC_C_LANGUAGE_STANDARD = gnu99;
				GCC_DYNAMIC_NO_PIC = NO;
				GCC_NO_COMMON_BLOCKS = YES;
				GCC_OPTIMIZATION_LEVEL = 0;
				GCC_PREPROCESSOR_DEFINITIONS = (
					"DEBUG=1",
					"$(inherited)",
				);
				GCC_WARN_64_TO_32_BIT_CONVERSION = YES;
				GCC_WARN_ABOUT_RETURN_TYPE = YES_ERROR;
				GCC_WARN_UNDECLARED_SELECTOR = YES;
				GCC_WARN_UNINITIALIZED_AUTOS = YES_AGGRESSIVE;
				GCC_WARN_UNUSED_FUNCTION = YES;
				GCC_WARN_UNUSED_VARIABLE = YES;
				IPHONEOS_DEPLOYMENT_TARGET = 9.3;
				MTL_ENABLE_DEBUG_INFO = YES;
				ONLY_ACTIVE_ARCH = YES;
				SDKROOT = iphoneos;
				SWIFT_OPTIMIZATION_LEVEL = "-Onone";
				TARGETED_DEVICE_FAMILY = "1,2";
			};
			name = Debug;
		};
		6CAB21131ECBF5C000CD6337 /* Release */ = {
			isa = XCBuildConfiguration;
			buildSettings = {
				ALWAYS_SEARCH_USER_PATHS = NO;
				CLANG_ANALYZER_NONNULL = YES;
				CLANG_CXX_LANGUAGE_STANDARD = "gnu++0x";
				CLANG_CXX_LIBRARY = "libc++";
				CLANG_ENABLE_MODULES = YES;
				CLANG_ENABLE_OBJC_ARC = YES;
				CLANG_WARN_BOOL_CONVERSION = YES;
				CLANG_WARN_CONSTANT_CONVERSION = YES;
				CLANG_WARN_DIRECT_OBJC_ISA_USAGE = YES_ERROR;
				CLANG_WARN_EMPTY_BODY = YES;
				CLANG_WARN_ENUM_CONVERSION = YES;
				CLANG_WARN_INT_CONVERSION = YES;
				CLANG_WARN_OBJC_ROOT_CLASS = YES_ERROR;
				CLANG_WARN_UNREACHABLE_CODE = YES;
				CLANG_WARN__DUPLICATE_METHOD_MATCH = YES;
				"CODE_SIGN_IDENTITY[sdk=iphoneos*]" = "iPhone Developer";
				COPY_PHASE_STRIP = NO;
				DEBUG_INFORMATION_FORMAT = "dwarf-with-dsym";
				ENABLE_NS_ASSERTIONS = NO;
				ENABLE_STRICT_OBJC_MSGSEND = YES;
				GCC_C_LANGUAGE_STANDARD = gnu99;
				GCC_NO_COMMON_BLOCKS = YES;
				GCC_WARN_64_TO_32_BIT_CONVERSION = YES;
				GCC_WARN_ABOUT_RETURN_TYPE = YES_ERROR;
				GCC_WARN_UNDECLARED_SELECTOR = YES;
				GCC_WARN_UNINITIALIZED_AUTOS = YES_AGGRESSIVE;
				GCC_WARN_UNUSED_FUNCTION = YES;
				GCC_WARN_UNUSED_VARIABLE = YES;
				IPHONEOS_DEPLOYMENT_TARGET = 9.3;
				MTL_ENABLE_DEBUG_INFO = NO;
				SDKROOT = iphoneos;
				TARGETED_DEVICE_FAMILY = "1,2";
				VALIDATE_PRODUCT = YES;
			};
			name = Release;
		};
		6CAB21151ECBF5C000CD6337 /* Debug */ = {
			isa = XCBuildConfiguration;
			baseConfigurationReference = 342665B03742D7F39354B8FF /* Pods-AddressSelection.debug.xcconfig */;
			buildSettings = {
				ASSETCATALOG_COMPILER_APPICON_NAME = AppIcon;
				DEVELOPMENT_TEAM = "";
				INFOPLIST_FILE = AddressSelection/Info.plist;
				LD_RUNPATH_SEARCH_PATHS = "$(inherited) @executable_path/Frameworks";
				PRODUCT_BUNDLE_IDENTIFIER = com.wildcat.AddressSelection;
				PRODUCT_NAME = "$(TARGET_NAME)";
				SWIFT_VERSION = 2.3;
			};
			name = Debug;
		};
		6CAB21161ECBF5C000CD6337 /* Release */ = {
			isa = XCBuildConfiguration;
			baseConfigurationReference = 4A2928FE9FD95AFDBABA07E2 /* Pods-AddressSelection.release.xcconfig */;
			buildSettings = {
				ASSETCATALOG_COMPILER_APPICON_NAME = AppIcon;
				DEVELOPMENT_TEAM = "";
				INFOPLIST_FILE = AddressSelection/Info.plist;
				LD_RUNPATH_SEARCH_PATHS = "$(inherited) @executable_path/Frameworks";
				PRODUCT_BUNDLE_IDENTIFIER = com.wildcat.AddressSelection;
				PRODUCT_NAME = "$(TARGET_NAME)";
				SWIFT_VERSION = 2.3;
			};
			name = Release;
		};
		6CAB21181ECBF5C000CD6337 /* Debug */ = {
			isa = XCBuildConfiguration;
			baseConfigurationReference = 88C880A79F16C0554FEC2DC5 /* Pods-AddressSelectionTests.debug.xcconfig */;
			buildSettings = {
				BUNDLE_LOADER = "$(TEST_HOST)";
				INFOPLIST_FILE = AddressSelectionTests/Info.plist;
				LD_RUNPATH_SEARCH_PATHS = "$(inherited) @executable_path/Frameworks @loader_path/Frameworks";
				PRODUCT_BUNDLE_IDENTIFIER = com.wildcat.AddressSelectionTests;
				PRODUCT_NAME = "$(TARGET_NAME)";
				SWIFT_VERSION = 2.3;
				TEST_HOST = "$(BUILT_PRODUCTS_DIR)/AddressSelection.app/AddressSelection";
			};
			name = Debug;
		};
		6CAB21191ECBF5C000CD6337 /* Release */ = {
			isa = XCBuildConfiguration;
			baseConfigurationReference = 9A6BAA40AA241896F7CB0C70 /* Pods-AddressSelectionTests.release.xcconfig */;
			buildSettings = {
				BUNDLE_LOADER = "$(TEST_HOST)";
				INFOPLIST_FILE = AddressSelectionTests/Info.plist;
				LD_RUNPATH_SEARCH_PATHS = "$(inherited) @executable_path/Frameworks @loader_path/Frameworks";
				PRODUCT_BUNDLE_IDENTIFIER = com.wildcat.AddressSelectionTests;
				PRODUCT_NAME = "$(TARGET_NAME)";
				SWIFT_VERSION = 2.3;
				TEST_HOST = "$(BUILT_PRODUCTS_DIR)/AddressSelection.app/AddressSelection";
			};
			name = Release;
		};
		6CAB211B1ECBF5C000CD6337 /* Debug */ = {
			isa = XCBuildConfiguration;
			baseConfigurationReference = 8AC271AED864CBB124B00DD2 /* Pods-AddressSelectionUITests.debug.xcconfig */;
			buildSettings = {
				INFOPLIST_FILE = AddressSelectionUITests/Info.plist;
				LD_RUNPATH_SEARCH_PATHS = "$(inherited) @executable_path/Frameworks @loader_path/Frameworks";
				PRODUCT_BUNDLE_IDENTIFIER = com.wildcat.AddressSelectionUITests;
				PRODUCT_NAME = "$(TARGET_NAME)";
				SWIFT_VERSION = 2.3;
				TEST_TARGET_NAME = AddressSelection;
			};
			name = Debug;
		};
		6CAB211C1ECBF5C000CD6337 /* Release */ = {
			isa = XCBuildConfiguration;
			baseConfigurationReference = D68A3BAADE9DDEAE306C7327 /* Pods-AddressSelectionUITests.release.xcconfig */;
			buildSettings = {
				INFOPLIST_FILE = AddressSelectionUITests/Info.plist;
				LD_RUNPATH_SEARCH_PATHS = "$(inherited) @executable_path/Frameworks @loader_path/Frameworks";
				PRODUCT_BUNDLE_IDENTIFIER = com.wildcat.AddressSelectionUITests;
				PRODUCT_NAME = "$(TARGET_NAME)";
				SWIFT_VERSION = 2.3;
				TEST_TARGET_NAME = AddressSelection;
			};
			name = Release;
		};
/* End XCBuildConfiguration section */

/* Begin XCConfigurationList section */
		6CAB20E71ECBF5C000CD6337 /* Build configuration list for PBXProject "AddressSelection" */ = {
			isa = XCConfigurationList;
			buildConfigurations = (
				6CAB21121ECBF5C000CD6337 /* Debug */,
				6CAB21131ECBF5C000CD6337 /* Release */,
			);
			defaultConfigurationIsVisible = 0;
			defaultConfigurationName = Release;
		};
		6CAB21141ECBF5C000CD6337 /* Build configuration list for PBXNativeTarget "AddressSelection" */ = {
			isa = XCConfigurationList;
			buildConfigurations = (
				6CAB21151ECBF5C000CD6337 /* Debug */,
				6CAB21161ECBF5C000CD6337 /* Release */,
			);
			defaultConfigurationIsVisible = 0;
			defaultConfigurationName = Release;
		};
		6CAB21171ECBF5C000CD6337 /* Build configuration list for PBXNativeTarget "AddressSelectionTests" */ = {
			isa = XCConfigurationList;
			buildConfigurations = (
				6CAB21181ECBF5C000CD6337 /* Debug */,
				6CAB21191ECBF5C000CD6337 /* Release */,
			);
			defaultConfigurationIsVisible = 0;
			defaultConfigurationName = Release;
		};
		6CAB211A1ECBF5C000CD6337 /* Build configuration list for PBXNativeTarget "AddressSelectionUITests" */ = {
			isa = XCConfigurationList;
			buildConfigurations = (
				6CAB211B1ECBF5C000CD6337 /* Debug */,
				6CAB211C1ECBF5C000CD6337 /* Release */,
			);
			defaultConfigurationIsVisible = 0;
			defaultConfigurationName = Release;
		};
/* End XCConfigurationList section */
	};
	rootObject = 6CAB20E41ECBF5C000CD6337 /* Project object */;
}
